github.com/lxn/walk v0.0.0-20190429130433-65b23005e122 h1:IlKIn6THbSOhvKVrkFKLJH/+PhWrdV4+XieT7BAMG98=
github.com/lxn/walk v0.0.0-20190429130433-65b23005e122/go.mod h1:E23UucZGqpuUANJooIbHWCufXvOcT6E7Stq81gU+CSQ=
github.com/lxn/win v0.0.0-20190429091805-45c59655ac45 h1:DJJrp4iIY91VgIgOsY3ssXE9X44rmNpZDvJ3iPD00xQ=
github.com/lxn/win v0.0.0-20190429091805-45c59655ac45/go.mod h1:jACzEp9RV7NhfPJQkiCNTteU4nkZZVlvkNpYtVOZPfE=
golang.org/x/sys v0.1.0 h1:kunALQeHf1/185U1i0GOB/fy1IPRDDpuoOOqRReG57U=
golang.org/x/sys v0.1.0/go.mod h1:oPkhp1MJrh7nUepCBck5+mAzfO9JrbApNNgaTdGDITg=
gopkg.in/Knetic/govaluate.v3 v3.0.0 h1:18mUyIt4ZlRlFZAAfVetz4/rzlJs9yhN+U02F4u1AOc=
gopkg.in/Knetic/govaluate.v3 v3.0.0/go.mod h1:csKLBORsPbafmSCGTEh3U7Ozmsuq8ZSIlKk1bcqph0E=
